
Microsoft Visual Studio Solution File, Format Version 12.00
# Visual Studio 15
VisualStudioVersion = 15.0.27428.2043
MinimumVisualStudioVersion = 10.0.40219.1
Project("{FAE04EC0-301F-11D3-BF4B-00C04F79EFBC}") = "M-V ejercicio 10", "M-V ejercicio 10\M-V ejercicio 10.csproj", "{0887C3F5-C634-44AE-9CB0-C1131B01C28C}"
EndProject
Global
	GlobalSection(SolutionConfigurationPlatforms) = preSolution
		Debug|Any CPU = Debug|Any CPU
		Release|Any CPU = Release|Any CPU
	EndGlobalSection
	GlobalSection(ProjectConfigurationPlatforms) = postSolution
		{0887C3F5-C634-44AE-9CB0-C1131B01C28C}.Debug|Any CPU.ActiveCfg = Debug|Any CPU
		{0887C3F5-C634-44AE-9CB0-C1131B01C28C}.Debug|Any CPU.Build.0 = Debug|Any CPU
		{0887C3F5-C634-44AE-9CB0-C1131B01C28C}.Release|Any CPU.ActiveCfg = Release|Any CPU
		{0887C3F5-C634-44AE-9CB0-C1131B01C28C}.Release|Any CPU.Build.0 = Release|Any CPU
	EndGlobalSection
	GlobalSection(SolutionProperties) = preSolution
		HideSolutionNode = FALSE
	EndGlobalSection
	GlobalSection(ExtensibilityGlobals) = postSolution
		SolutionGuid = {4F6D4AD4-B7E8-410F-ACD8-4B28471F5AF4}
	EndGlobalSection
EndGlobal
