
Microsoft Visual Studio Solution File, Format Version 12.00
# Visual Studio 15
VisualStudioVersion = 15.0.27428.2043
MinimumVisualStudioVersion = 10.0.40219.1
Project("{FAE04EC0-301F-11D3-BF4B-00C04F79EFBC}") = "E-R ejercicio 5", "E-R ejercicio 5\E-R ejercicio 5.csproj", "{B05AC167-FC15-49A3-A8BB-8EDB63DD26A6}"
EndProject
Global
	GlobalSection(SolutionConfigurationPlatforms) = preSolution
		Debug|Any CPU = Debug|Any CPU
		Release|Any CPU = Release|Any CPU
	EndGlobalSection
	GlobalSection(ProjectConfigurationPlatforms) = postSolution
		{B05AC167-FC15-49A3-A8BB-8EDB63DD26A6}.Debug|Any CPU.ActiveCfg = Debug|Any CPU
		{B05AC167-FC15-49A3-A8BB-8EDB63DD26A6}.Debug|Any CPU.Build.0 = Debug|Any CPU
		{B05AC167-FC15-49A3-A8BB-8EDB63DD26A6}.Release|Any CPU.ActiveCfg = Release|Any CPU
		{B05AC167-FC15-49A3-A8BB-8EDB63DD26A6}.Release|Any CPU.Build.0 = Release|Any CPU
	EndGlobalSection
	GlobalSection(SolutionProperties) = preSolution
		HideSolutionNode = FALSE
	EndGlobalSection
	GlobalSection(ExtensibilityGlobals) = postSolution
		SolutionGuid = {131EC29F-83B5-40F2-988E-290F384E5910}
	EndGlobalSection
EndGlobal
