
Microsoft Visual Studio Solution File, Format Version 12.00
# Visual Studio 15
VisualStudioVersion = 15.0.27428.2043
MinimumVisualStudioVersion = 10.0.40219.1
Project("{FAE04EC0-301F-11D3-BF4B-00C04F79EFBC}") = "M-V ejercicio 6", "M-V ejercicio 6\M-V ejercicio 6.csproj", "{D582009B-8DC8-4208-BFF7-C63A437601FB}"
EndProject
Global
	GlobalSection(SolutionConfigurationPlatforms) = preSolution
		Debug|Any CPU = Debug|Any CPU
		Release|Any CPU = Release|Any CPU
	EndGlobalSection
	GlobalSection(ProjectConfigurationPlatforms) = postSolution
		{D582009B-8DC8-4208-BFF7-C63A437601FB}.Debug|Any CPU.ActiveCfg = Debug|Any CPU
		{D582009B-8DC8-4208-BFF7-C63A437601FB}.Debug|Any CPU.Build.0 = Debug|Any CPU
		{D582009B-8DC8-4208-BFF7-C63A437601FB}.Release|Any CPU.ActiveCfg = Release|Any CPU
		{D582009B-8DC8-4208-BFF7-C63A437601FB}.Release|Any CPU.Build.0 = Release|Any CPU
	EndGlobalSection
	GlobalSection(SolutionProperties) = preSolution
		HideSolutionNode = FALSE
	EndGlobalSection
	GlobalSection(ExtensibilityGlobals) = postSolution
		SolutionGuid = {24B98797-C6E5-4B79-A306-63547F34574B}
	EndGlobalSection
EndGlobal
