
Microsoft Visual Studio Solution File, Format Version 12.00
# Visual Studio 15
VisualStudioVersion = 15.0.27428.2043
MinimumVisualStudioVersion = 10.0.40219.1
Project("{FAE04EC0-301F-11D3-BF4B-00C04F79EFBC}") = "M-V ejercicio 7", "M-V ejercicio 7\M-V ejercicio 7.csproj", "{6305C012-C76D-42C8-8BE9-82920B877C9E}"
EndProject
Global
	GlobalSection(SolutionConfigurationPlatforms) = preSolution
		Debug|Any CPU = Debug|Any CPU
		Release|Any CPU = Release|Any CPU
	EndGlobalSection
	GlobalSection(ProjectConfigurationPlatforms) = postSolution
		{6305C012-C76D-42C8-8BE9-82920B877C9E}.Debug|Any CPU.ActiveCfg = Debug|Any CPU
		{6305C012-C76D-42C8-8BE9-82920B877C9E}.Debug|Any CPU.Build.0 = Debug|Any CPU
		{6305C012-C76D-42C8-8BE9-82920B877C9E}.Release|Any CPU.ActiveCfg = Release|Any CPU
		{6305C012-C76D-42C8-8BE9-82920B877C9E}.Release|Any CPU.Build.0 = Release|Any CPU
	EndGlobalSection
	GlobalSection(SolutionProperties) = preSolution
		HideSolutionNode = FALSE
	EndGlobalSection
	GlobalSection(ExtensibilityGlobals) = postSolution
		SolutionGuid = {AFDA68A0-EC7B-46CF-85CE-54A4FD10A5E8}
	EndGlobalSection
EndGlobal
