
Microsoft Visual Studio Solution File, Format Version 12.00
# Visual Studio 15
VisualStudioVersion = 15.0.27428.2043
MinimumVisualStudioVersion = 10.0.40219.1
Project("{FAE04EC0-301F-11D3-BF4B-00C04F79EFBC}") = "M-V ejercicio 4", "M-V ejercicio 4\M-V ejercicio 4.csproj", "{3E162536-D941-480C-922C-B9BFB9A0906A}"
EndProject
Global
	GlobalSection(SolutionConfigurationPlatforms) = preSolution
		Debug|Any CPU = Debug|Any CPU
		Release|Any CPU = Release|Any CPU
	EndGlobalSection
	GlobalSection(ProjectConfigurationPlatforms) = postSolution
		{3E162536-D941-480C-922C-B9BFB9A0906A}.Debug|Any CPU.ActiveCfg = Debug|Any CPU
		{3E162536-D941-480C-922C-B9BFB9A0906A}.Debug|Any CPU.Build.0 = Debug|Any CPU
		{3E162536-D941-480C-922C-B9BFB9A0906A}.Release|Any CPU.ActiveCfg = Release|Any CPU
		{3E162536-D941-480C-922C-B9BFB9A0906A}.Release|Any CPU.Build.0 = Release|Any CPU
	EndGlobalSection
	GlobalSection(SolutionProperties) = preSolution
		HideSolutionNode = FALSE
	EndGlobalSection
	GlobalSection(ExtensibilityGlobals) = postSolution
		SolutionGuid = {4D6EC947-A70E-4BC6-8B0A-5CB889012C89}
	EndGlobalSection
EndGlobal
