
Microsoft Visual Studio Solution File, Format Version 12.00
# Visual Studio 15
VisualStudioVersion = 15.0.27428.2043
MinimumVisualStudioVersion = 10.0.40219.1
Project("{FAE04EC0-301F-11D3-BF4B-00C04F79EFBC}") = "E-R ejercicio 9", "E-R ejercicio 9\E-R ejercicio 9.csproj", "{ADA62D58-4C6E-4D7E-BD72-BDB1DD1DF1F7}"
EndProject
Global
	GlobalSection(SolutionConfigurationPlatforms) = preSolution
		Debug|Any CPU = Debug|Any CPU
		Release|Any CPU = Release|Any CPU
	EndGlobalSection
	GlobalSection(ProjectConfigurationPlatforms) = postSolution
		{ADA62D58-4C6E-4D7E-BD72-BDB1DD1DF1F7}.Debug|Any CPU.ActiveCfg = Debug|Any CPU
		{ADA62D58-4C6E-4D7E-BD72-BDB1DD1DF1F7}.Debug|Any CPU.Build.0 = Debug|Any CPU
		{ADA62D58-4C6E-4D7E-BD72-BDB1DD1DF1F7}.Release|Any CPU.ActiveCfg = Release|Any CPU
		{ADA62D58-4C6E-4D7E-BD72-BDB1DD1DF1F7}.Release|Any CPU.Build.0 = Release|Any CPU
	EndGlobalSection
	GlobalSection(SolutionProperties) = preSolution
		HideSolutionNode = FALSE
	EndGlobalSection
	GlobalSection(ExtensibilityGlobals) = postSolution
		SolutionGuid = {6C954587-D45A-4B5B-A5E8-6EC3884D5381}
	EndGlobalSection
EndGlobal
