
Microsoft Visual Studio Solution File, Format Version 12.00
# Visual Studio 15
VisualStudioVersion = 15.0.27428.2043
MinimumVisualStudioVersion = 10.0.40219.1
Project("{FAE04EC0-301F-11D3-BF4B-00C04F79EFBC}") = "E-R ejercicio 16", "E-R ejercicio 16\E-R ejercicio 16.csproj", "{9624898A-AD3E-4051-A338-A59BD0DA09B3}"
EndProject
Global
	GlobalSection(SolutionConfigurationPlatforms) = preSolution
		Debug|Any CPU = Debug|Any CPU
		Release|Any CPU = Release|Any CPU
	EndGlobalSection
	GlobalSection(ProjectConfigurationPlatforms) = postSolution
		{9624898A-AD3E-4051-A338-A59BD0DA09B3}.Debug|Any CPU.ActiveCfg = Debug|Any CPU
		{9624898A-AD3E-4051-A338-A59BD0DA09B3}.Debug|Any CPU.Build.0 = Debug|Any CPU
		{9624898A-AD3E-4051-A338-A59BD0DA09B3}.Release|Any CPU.ActiveCfg = Release|Any CPU
		{9624898A-AD3E-4051-A338-A59BD0DA09B3}.Release|Any CPU.Build.0 = Release|Any CPU
	EndGlobalSection
	GlobalSection(SolutionProperties) = preSolution
		HideSolutionNode = FALSE
	EndGlobalSection
	GlobalSection(ExtensibilityGlobals) = postSolution
		SolutionGuid = {C5B92AD0-97AC-4797-B478-107621F11C8D}
	EndGlobalSection
EndGlobal
