
Microsoft Visual Studio Solution File, Format Version 12.00
# Visual Studio 15
VisualStudioVersion = 15.0.27428.2043
MinimumVisualStudioVersion = 10.0.40219.1
Project("{FAE04EC0-301F-11D3-BF4B-00C04F79EFBC}") = "E-R ejercicio 16-f", "E-R ejercicio 16-f\E-R ejercicio 16-f.csproj", "{868691E1-D398-492D-AED8-030A40300591}"
EndProject
Global
	GlobalSection(SolutionConfigurationPlatforms) = preSolution
		Debug|Any CPU = Debug|Any CPU
		Release|Any CPU = Release|Any CPU
	EndGlobalSection
	GlobalSection(ProjectConfigurationPlatforms) = postSolution
		{868691E1-D398-492D-AED8-030A40300591}.Debug|Any CPU.ActiveCfg = Debug|Any CPU
		{868691E1-D398-492D-AED8-030A40300591}.Debug|Any CPU.Build.0 = Debug|Any CPU
		{868691E1-D398-492D-AED8-030A40300591}.Release|Any CPU.ActiveCfg = Release|Any CPU
		{868691E1-D398-492D-AED8-030A40300591}.Release|Any CPU.Build.0 = Release|Any CPU
	EndGlobalSection
	GlobalSection(SolutionProperties) = preSolution
		HideSolutionNode = FALSE
	EndGlobalSection
	GlobalSection(ExtensibilityGlobals) = postSolution
		SolutionGuid = {1ECBEF79-F998-485E-B0DB-1DD488CCFBAD}
	EndGlobalSection
EndGlobal
